
Microsoft Visual Studio Solution File, Format Version 12.00
# Visual Studio Version 17
VisualStudioVersion = 17.5.002.0
MinimumVisualStudioVersion = 10.0.40219.1
Project("{9A19103F-16F7-4668-BE54-9A1E7A4F7556}") = "Task1", "Task1.csproj", "{8227B7FE-805E-4EDD-9E63-DE6241733AFE}"
EndProject
Project("{9A19103F-16F7-4668-BE54-9A1E7A4F7556}") = "HOME1", "HOME1\HOME1.csproj", "{E120E7B1-61C2-453E-A8C2-D482C869DF87}"
EndProject
Project("{9A19103F-16F7-4668-BE54-9A1E7A4F7556}") = "HOMEWORK1", "HOMEWORK1\HOMEWORK1.csproj", "{94F050B1-0369-42A8-81A3-830C32CA97F4}"
EndProject
Project("{9A19103F-16F7-4668-BE54-9A1E7A4F7556}") = "seminar_1", "seminar_1\seminar_1.csproj", "{86E33A09-2983-401B-BF9B-F6DC3615D4F7}"
EndProject
Project("{9A19103F-16F7-4668-BE54-9A1E7A4F7556}") = "seminar_2", "seminar_2\seminar_2.csproj", "{06007894-1E4A-4B50-8F15-C41AEFCF94F8}"
EndProject
Project("{9A19103F-16F7-4668-BE54-9A1E7A4F7556}") = "seminar_3", "seminar_3\seminar_3.csproj", "{C9F699ED-27FB-46AA-B201-8CA03494D3DA}"
EndProject
Project("{9A19103F-16F7-4668-BE54-9A1E7A4F7556}") = "seminar_4", "seminar_4\seminar_4.csproj", "{E957BAC7-4A86-4C17-A309-81758812561D}"
EndProject
Project("{9A19103F-16F7-4668-BE54-9A1E7A4F7556}") = "seminar_5", "seminar_5\seminar_5.csproj", "{4A863BCB-8811-4388-957A-D3BA3681AC2D}"
EndProject
Project("{2150E333-8FDC-42A3-9474-1A3956D46DE8}") = "Lesson1", "Lesson1", "{E64B7CEA-BEAD-44B5-923E-D267448EAC89}"
EndProject
Project("{9A19103F-16F7-4668-BE54-9A1E7A4F7556}") = "Task1", "Lesson1\Task1\Task1.csproj", "{E6A2902E-375B-4C91-8D44-F523E539787C}"
EndProject
Project("{9A19103F-16F7-4668-BE54-9A1E7A4F7556}") = "Task2", "Lesson1\Task2\Task2.csproj", "{8AEFDC65-BBA6-4F53-B072-EAA0798041A5}"
EndProject
Project("{9A19103F-16F7-4668-BE54-9A1E7A4F7556}") = "Task3", "Lesson1\Task3\Task3.csproj", "{8DB6C90A-D7E6-4F9E-B35E-47A3AED0C2F2}"
EndProject
Project("{9A19103F-16F7-4668-BE54-9A1E7A4F7556}") = "Task4", "Lesson1\Task4\Task4.csproj", "{AE9D5B2F-387E-44D8-BE07-77C1604E9FB4}"
EndProject
Project("{9A19103F-16F7-4668-BE54-9A1E7A4F7556}") = "Task5", "Lesson1\Task5\Task5.csproj", "{D77DC36F-E492-4FB6-9383-441B8C945FC0}"
EndProject
Project("{2150E333-8FDC-42A3-9474-1A3956D46DE8}") = "Lesson2", "Lesson2", "{CAD9E1BA-4030-44D2-AEA0-1DA58AC1923F}"
EndProject
Project("{9A19103F-16F7-4668-BE54-9A1E7A4F7556}") = "Task1", "Lesson2\Task1\Task1.csproj", "{4F4A6AE9-EA36-4030-A127-4C055F80FE32}"
EndProject
Project("{9A19103F-16F7-4668-BE54-9A1E7A4F7556}") = "Task2", "Lesson2\Task2\Task2.csproj", "{912AEC8B-CEA1-4171-BE4B-4AED42A6B481}"
EndProject
Project("{9A19103F-16F7-4668-BE54-9A1E7A4F7556}") = "Task3", "Lesson2\Task3\Task3.csproj", "{FADC56A4-DA70-4EF0-A7EB-49ECB9C5AA9F}"
EndProject
Project("{9A19103F-16F7-4668-BE54-9A1E7A4F7556}") = "Task4", "Lesson2\Task4\Task4.csproj", "{6DEC8D21-7DB0-48E0-B930-2987ACA6B957}"
EndProject
Project("{2150E333-8FDC-42A3-9474-1A3956D46DE8}") = "Lesson3", "Lesson3", "{310C7482-D4BD-415F-B8BE-2493CB2196AB}"
EndProject
Project("{9A19103F-16F7-4668-BE54-9A1E7A4F7556}") = "Task1", "Lesson3\Task1\Task1.csproj", "{92AA36B1-94D2-4815-80D9-453EB7E28975}"
EndProject
Project("{9A19103F-16F7-4668-BE54-9A1E7A4F7556}") = "Task2", "Lesson3\Task2\Task2.csproj", "{265E168A-0D9D-4497-AA23-48D437CAEABF}"
EndProject
Project("{9A19103F-16F7-4668-BE54-9A1E7A4F7556}") = "Task3", "Lesson3\Task3\Task3.csproj", "{BE4A486A-3783-478D-A80E-19E69EB808A6}"
EndProject
Project("{2150E333-8FDC-42A3-9474-1A3956D46DE8}") = "lesson4", "lesson4", "{567B8981-DE4D-41D0-AAF6-F7A50FDB908E}"
EndProject
Project("{9A19103F-16F7-4668-BE54-9A1E7A4F7556}") = "Task1", "lesson4\Task1\Task1.csproj", "{97810E38-6568-4D20-81B2-DBEB5ECB1FF0}"
EndProject
Project("{9A19103F-16F7-4668-BE54-9A1E7A4F7556}") = "Task2", "lesson4\Task2\Task2.csproj", "{7523C803-97F5-4096-8B0C-844E3FAC5AC8}"
EndProject
Project("{9A19103F-16F7-4668-BE54-9A1E7A4F7556}") = "Task3", "lesson4\Task3\Task3.csproj", "{915EBF17-E9D3-4781-BB96-52844520B29D}"
EndProject
Project("{2150E333-8FDC-42A3-9474-1A3956D46DE8}") = "seminar_1 (1)", "seminar_1", "{0BBB744B-7F2F-4E1D-9D2F-7AF7DEB09990}"
EndProject
Project("{9A19103F-16F7-4668-BE54-9A1E7A4F7556}") = "HomeWork1Sem1", "seminar_1\HomeWork1Sem1\HomeWork1Sem1.csproj", "{3F4F0D15-06C4-4FF5-8D94-C1D1A02CF6E8}"
EndProject
Global
	GlobalSection(SolutionConfigurationPlatforms) = preSolution
		Debug|Any CPU = Debug|Any CPU
		Release|Any CPU = Release|Any CPU
	EndGlobalSection
	GlobalSection(ProjectConfigurationPlatforms) = postSolution
		{8227B7FE-805E-4EDD-9E63-DE6241733AFE}.Debug|Any CPU.ActiveCfg = Debug|Any CPU
		{8227B7FE-805E-4EDD-9E63-DE6241733AFE}.Debug|Any CPU.Build.0 = Debug|Any CPU
		{8227B7FE-805E-4EDD-9E63-DE6241733AFE}.Release|Any CPU.ActiveCfg = Release|Any CPU
		{8227B7FE-805E-4EDD-9E63-DE6241733AFE}.Release|Any CPU.Build.0 = Release|Any CPU
		{E120E7B1-61C2-453E-A8C2-D482C869DF87}.Debug|Any CPU.ActiveCfg = Debug|Any CPU
		{E120E7B1-61C2-453E-A8C2-D482C869DF87}.Debug|Any CPU.Build.0 = Debug|Any CPU
		{E120E7B1-61C2-453E-A8C2-D482C869DF87}.Release|Any CPU.ActiveCfg = Release|Any CPU
		{E120E7B1-61C2-453E-A8C2-D482C869DF87}.Release|Any CPU.Build.0 = Release|Any CPU
		{94F050B1-0369-42A8-81A3-830C32CA97F4}.Debug|Any CPU.ActiveCfg = Debug|Any CPU
		{94F050B1-0369-42A8-81A3-830C32CA97F4}.Debug|Any CPU.Build.0 = Debug|Any CPU
		{94F050B1-0369-42A8-81A3-830C32CA97F4}.Release|Any CPU.ActiveCfg = Release|Any CPU
		{94F050B1-0369-42A8-81A3-830C32CA97F4}.Release|Any CPU.Build.0 = Release|Any CPU
		{86E33A09-2983-401B-BF9B-F6DC3615D4F7}.Debug|Any CPU.ActiveCfg = Debug|Any CPU
		{86E33A09-2983-401B-BF9B-F6DC3615D4F7}.Debug|Any CPU.Build.0 = Debug|Any CPU
		{86E33A09-2983-401B-BF9B-F6DC3615D4F7}.Release|Any CPU.ActiveCfg = Release|Any CPU
		{86E33A09-2983-401B-BF9B-F6DC3615D4F7}.Release|Any CPU.Build.0 = Release|Any CPU
		{06007894-1E4A-4B50-8F15-C41AEFCF94F8}.Debug|Any CPU.ActiveCfg = Debug|Any CPU
		{06007894-1E4A-4B50-8F15-C41AEFCF94F8}.Debug|Any CPU.Build.0 = Debug|Any CPU
		{06007894-1E4A-4B50-8F15-C41AEFCF94F8}.Release|Any CPU.ActiveCfg = Release|Any CPU
		{06007894-1E4A-4B50-8F15-C41AEFCF94F8}.Release|Any CPU.Build.0 = Release|Any CPU
		{C9F699ED-27FB-46AA-B201-8CA03494D3DA}.Debug|Any CPU.ActiveCfg = Debug|Any CPU
		{C9F699ED-27FB-46AA-B201-8CA03494D3DA}.Debug|Any CPU.Build.0 = Debug|Any CPU
		{C9F699ED-27FB-46AA-B201-8CA03494D3DA}.Release|Any CPU.ActiveCfg = Release|Any CPU
		{C9F699ED-27FB-46AA-B201-8CA03494D3DA}.Release|Any CPU.Build.0 = Release|Any CPU
		{E957BAC7-4A86-4C17-A309-81758812561D}.Debug|Any CPU.ActiveCfg = Debug|Any CPU
		{E957BAC7-4A86-4C17-A309-81758812561D}.Debug|Any CPU.Build.0 = Debug|Any CPU
		{E957BAC7-4A86-4C17-A309-81758812561D}.Release|Any CPU.ActiveCfg = Release|Any CPU
		{E957BAC7-4A86-4C17-A309-81758812561D}.Release|Any CPU.Build.0 = Release|Any CPU
		{4A863BCB-8811-4388-957A-D3BA3681AC2D}.Debug|Any CPU.ActiveCfg = Debug|Any CPU
		{4A863BCB-8811-4388-957A-D3BA3681AC2D}.Debug|Any CPU.Build.0 = Debug|Any CPU
		{4A863BCB-8811-4388-957A-D3BA3681AC2D}.Release|Any CPU.ActiveCfg = Release|Any CPU
		{4A863BCB-8811-4388-957A-D3BA3681AC2D}.Release|Any CPU.Build.0 = Release|Any CPU
		{E6A2902E-375B-4C91-8D44-F523E539787C}.Debug|Any CPU.ActiveCfg = Debug|Any CPU
		{E6A2902E-375B-4C91-8D44-F523E539787C}.Debug|Any CPU.Build.0 = Debug|Any CPU
		{E6A2902E-375B-4C91-8D44-F523E539787C}.Release|Any CPU.ActiveCfg = Release|Any CPU
		{E6A2902E-375B-4C91-8D44-F523E539787C}.Release|Any CPU.Build.0 = Release|Any CPU
		{8AEFDC65-BBA6-4F53-B072-EAA0798041A5}.Debug|Any CPU.ActiveCfg = Debug|Any CPU
		{8AEFDC65-BBA6-4F53-B072-EAA0798041A5}.Debug|Any CPU.Build.0 = Debug|Any CPU
		{8AEFDC65-BBA6-4F53-B072-EAA0798041A5}.Release|Any CPU.ActiveCfg = Release|Any CPU
		{8AEFDC65-BBA6-4F53-B072-EAA0798041A5}.Release|Any CPU.Build.0 = Release|Any CPU
		{8DB6C90A-D7E6-4F9E-B35E-47A3AED0C2F2}.Debug|Any CPU.ActiveCfg = Debug|Any CPU
		{8DB6C90A-D7E6-4F9E-B35E-47A3AED0C2F2}.Debug|Any CPU.Build.0 = Debug|Any CPU
		{8DB6C90A-D7E6-4F9E-B35E-47A3AED0C2F2}.Release|Any CPU.ActiveCfg = Release|Any CPU
		{8DB6C90A-D7E6-4F9E-B35E-47A3AED0C2F2}.Release|Any CPU.Build.0 = Release|Any CPU
		{AE9D5B2F-387E-44D8-BE07-77C1604E9FB4}.Debug|Any CPU.ActiveCfg = Debug|Any CPU
		{AE9D5B2F-387E-44D8-BE07-77C1604E9FB4}.Debug|Any CPU.Build.0 = Debug|Any CPU
		{AE9D5B2F-387E-44D8-BE07-77C1604E9FB4}.Release|Any CPU.ActiveCfg = Release|Any CPU
		{AE9D5B2F-387E-44D8-BE07-77C1604E9FB4}.Release|Any CPU.Build.0 = Release|Any CPU
		{D77DC36F-E492-4FB6-9383-441B8C945FC0}.Debug|Any CPU.ActiveCfg = Debug|Any CPU
		{D77DC36F-E492-4FB6-9383-441B8C945FC0}.Debug|Any CPU.Build.0 = Debug|Any CPU
		{D77DC36F-E492-4FB6-9383-441B8C945FC0}.Release|Any CPU.ActiveCfg = Release|Any CPU
		{D77DC36F-E492-4FB6-9383-441B8C945FC0}.Release|Any CPU.Build.0 = Release|Any CPU
		{4F4A6AE9-EA36-4030-A127-4C055F80FE32}.Debug|Any CPU.ActiveCfg = Debug|Any CPU
		{4F4A6AE9-EA36-4030-A127-4C055F80FE32}.Debug|Any CPU.Build.0 = Debug|Any CPU
		{4F4A6AE9-EA36-4030-A127-4C055F80FE32}.Release|Any CPU.ActiveCfg = Release|Any CPU
		{4F4A6AE9-EA36-4030-A127-4C055F80FE32}.Release|Any CPU.Build.0 = Release|Any CPU
		{912AEC8B-CEA1-4171-BE4B-4AED42A6B481}.Debug|Any CPU.ActiveCfg = Debug|Any CPU
		{912AEC8B-CEA1-4171-BE4B-4AED42A6B481}.Debug|Any CPU.Build.0 = Debug|Any CPU
		{912AEC8B-CEA1-4171-BE4B-4AED42A6B481}.Release|Any CPU.ActiveCfg = Release|Any CPU
		{912AEC8B-CEA1-4171-BE4B-4AED42A6B481}.Release|Any CPU.Build.0 = Release|Any CPU
		{FADC56A4-DA70-4EF0-A7EB-49ECB9C5AA9F}.Debug|Any CPU.ActiveCfg = Debug|Any CPU
		{FADC56A4-DA70-4EF0-A7EB-49ECB9C5AA9F}.Debug|Any CPU.Build.0 = Debug|Any CPU
		{FADC56A4-DA70-4EF0-A7EB-49ECB9C5AA9F}.Release|Any CPU.ActiveCfg = Release|Any CPU
		{FADC56A4-DA70-4EF0-A7EB-49ECB9C5AA9F}.Release|Any CPU.Build.0 = Release|Any CPU
		{6DEC8D21-7DB0-48E0-B930-2987ACA6B957}.Debug|Any CPU.ActiveCfg = Debug|Any CPU
		{6DEC8D21-7DB0-48E0-B930-2987ACA6B957}.Debug|Any CPU.Build.0 = Debug|Any CPU
		{6DEC8D21-7DB0-48E0-B930-2987ACA6B957}.Release|Any CPU.ActiveCfg = Release|Any CPU
		{6DEC8D21-7DB0-48E0-B930-2987ACA6B957}.Release|Any CPU.Build.0 = Release|Any CPU
		{92AA36B1-94D2-4815-80D9-453EB7E28975}.Debug|Any CPU.ActiveCfg = Debug|Any CPU
		{92AA36B1-94D2-4815-80D9-453EB7E28975}.Debug|Any CPU.Build.0 = Debug|Any CPU
		{92AA36B1-94D2-4815-80D9-453EB7E28975}.Release|Any CPU.ActiveCfg = Release|Any CPU
		{92AA36B1-94D2-4815-80D9-453EB7E28975}.Release|Any CPU.Build.0 = Release|Any CPU
		{265E168A-0D9D-4497-AA23-48D437CAEABF}.Debug|Any CPU.ActiveCfg = Debug|Any CPU
		{265E168A-0D9D-4497-AA23-48D437CAEABF}.Debug|Any CPU.Build.0 = Debug|Any CPU
		{265E168A-0D9D-4497-AA23-48D437CAEABF}.Release|Any CPU.ActiveCfg = Release|Any CPU
		{265E168A-0D9D-4497-AA23-48D437CAEABF}.Release|Any CPU.Build.0 = Release|Any CPU
		{BE4A486A-3783-478D-A80E-19E69EB808A6}.Debug|Any CPU.ActiveCfg = Debug|Any CPU
		{BE4A486A-3783-478D-A80E-19E69EB808A6}.Debug|Any CPU.Build.0 = Debug|Any CPU
		{BE4A486A-3783-478D-A80E-19E69EB808A6}.Release|Any CPU.ActiveCfg = Release|Any CPU
		{BE4A486A-3783-478D-A80E-19E69EB808A6}.Release|Any CPU.Build.0 = Release|Any CPU
		{97810E38-6568-4D20-81B2-DBEB5ECB1FF0}.Debug|Any CPU.ActiveCfg = Debug|Any CPU
		{97810E38-6568-4D20-81B2-DBEB5ECB1FF0}.Debug|Any CPU.Build.0 = Debug|Any CPU
		{97810E38-6568-4D20-81B2-DBEB5ECB1FF0}.Release|Any CPU.ActiveCfg = Release|Any CPU
		{97810E38-6568-4D20-81B2-DBEB5ECB1FF0}.Release|Any CPU.Build.0 = Release|Any CPU
		{7523C803-97F5-4096-8B0C-844E3FAC5AC8}.Debug|Any CPU.ActiveCfg = Debug|Any CPU
		{7523C803-97F5-4096-8B0C-844E3FAC5AC8}.Debug|Any CPU.Build.0 = Debug|Any CPU
		{7523C803-97F5-4096-8B0C-844E3FAC5AC8}.Release|Any CPU.ActiveCfg = Release|Any CPU
		{7523C803-97F5-4096-8B0C-844E3FAC5AC8}.Release|Any CPU.Build.0 = Release|Any CPU
		{915EBF17-E9D3-4781-BB96-52844520B29D}.Debug|Any CPU.ActiveCfg = Debug|Any CPU
		{915EBF17-E9D3-4781-BB96-52844520B29D}.Debug|Any CPU.Build.0 = Debug|Any CPU
		{915EBF17-E9D3-4781-BB96-52844520B29D}.Release|Any CPU.ActiveCfg = Release|Any CPU
		{915EBF17-E9D3-4781-BB96-52844520B29D}.Release|Any CPU.Build.0 = Release|Any CPU
		{3F4F0D15-06C4-4FF5-8D94-C1D1A02CF6E8}.Debug|Any CPU.ActiveCfg = Debug|Any CPU
		{3F4F0D15-06C4-4FF5-8D94-C1D1A02CF6E8}.Debug|Any CPU.Build.0 = Debug|Any CPU
		{3F4F0D15-06C4-4FF5-8D94-C1D1A02CF6E8}.Release|Any CPU.ActiveCfg = Release|Any CPU
		{3F4F0D15-06C4-4FF5-8D94-C1D1A02CF6E8}.Release|Any CPU.Build.0 = Release|Any CPU
	EndGlobalSection
	GlobalSection(SolutionProperties) = preSolution
		HideSolutionNode = FALSE
	EndGlobalSection
	GlobalSection(NestedProjects) = preSolution
		{E6A2902E-375B-4C91-8D44-F523E539787C} = {E64B7CEA-BEAD-44B5-923E-D267448EAC89}
		{8AEFDC65-BBA6-4F53-B072-EAA0798041A5} = {E64B7CEA-BEAD-44B5-923E-D267448EAC89}
		{8DB6C90A-D7E6-4F9E-B35E-47A3AED0C2F2} = {E64B7CEA-BEAD-44B5-923E-D267448EAC89}
		{AE9D5B2F-387E-44D8-BE07-77C1604E9FB4} = {E64B7CEA-BEAD-44B5-923E-D267448EAC89}
		{D77DC36F-E492-4FB6-9383-441B8C945FC0} = {E64B7CEA-BEAD-44B5-923E-D267448EAC89}
		{4F4A6AE9-EA36-4030-A127-4C055F80FE32} = {CAD9E1BA-4030-44D2-AEA0-1DA58AC1923F}
		{912AEC8B-CEA1-4171-BE4B-4AED42A6B481} = {CAD9E1BA-4030-44D2-AEA0-1DA58AC1923F}
		{FADC56A4-DA70-4EF0-A7EB-49ECB9C5AA9F} = {CAD9E1BA-4030-44D2-AEA0-1DA58AC1923F}
		{6DEC8D21-7DB0-48E0-B930-2987ACA6B957} = {CAD9E1BA-4030-44D2-AEA0-1DA58AC1923F}
		{92AA36B1-94D2-4815-80D9-453EB7E28975} = {310C7482-D4BD-415F-B8BE-2493CB2196AB}
		{265E168A-0D9D-4497-AA23-48D437CAEABF} = {310C7482-D4BD-415F-B8BE-2493CB2196AB}
		{BE4A486A-3783-478D-A80E-19E69EB808A6} = {310C7482-D4BD-415F-B8BE-2493CB2196AB}
		{97810E38-6568-4D20-81B2-DBEB5ECB1FF0} = {567B8981-DE4D-41D0-AAF6-F7A50FDB908E}
		{7523C803-97F5-4096-8B0C-844E3FAC5AC8} = {567B8981-DE4D-41D0-AAF6-F7A50FDB908E}
		{915EBF17-E9D3-4781-BB96-52844520B29D} = {567B8981-DE4D-41D0-AAF6-F7A50FDB908E}
		{3F4F0D15-06C4-4FF5-8D94-C1D1A02CF6E8} = {0BBB744B-7F2F-4E1D-9D2F-7AF7DEB09990}
	EndGlobalSection
	GlobalSection(ExtensibilityGlobals) = postSolution
		SolutionGuid = {C502135B-B1EC-4848-9A7A-02BE03061CBF}
	EndGlobalSection
EndGlobal
